Microsoft Visual Studio Solution File, Format Version 12.00
# Visual Studio Version 18
VisualStudioVersion = 18.0.0.0
MinimumVisualStudioVersion = 10.0.40219.1
Project("{BC8A1FFA-BEE3-4634-8014-F334798102B3}") = "RegionLens.Core", "src\Core\RegionLens.Core.vcxproj", "{111AB9DA-960B-4457-9820-609733420001}"
EndProject
Project("{BC8A1FFA-BEE3-4634-8014-F334798102B3}") = "RegionLens", "src\App\RegionLens.vcxproj", "{111AB9DA-960B-4457-9820-609733420002}"
EndProject
Project("{BC8A1FFA-BEE3-4634-8014-F334798102B3}") = "RegionLens.Setup", "src\Setup\RegionLens.Setup.vcxproj", "{111AB9DA-960B-4457-9820-609733420005}"
EndProject
Project("{BC8A1FFA-BEE3-4634-8014-F334798102B3}") = "RegionLens.Tests", "tests\RegionLens.Tests.vcxproj", "{111AB9DA-960B-4457-9820-609733420006}"
EndProject
Project("{BC8A1FFA-BEE3-4634-8014-F334798102B3}") = "RegionLens.WeTypeProbe", "src\WeTypeProbe\RegionLens.WeTypeProbe.vcxproj", "{111AB9DA-960B-4457-9820-609733420007}"
EndProject
Global
	GlobalSection(SolutionConfigurationPlatforms) = preSolution
		Debug|x64 = Debug|x64
		Release|x64 = Release|x64
	EndGlobalSection
	GlobalSection(ProjectConfigurationPlatforms) = postSolution
		{111AB9DA-960B-4457-9820-609733420001}.Debug|x64.ActiveCfg = Debug|x64
		{111AB9DA-960B-4457-9820-609733420001}.Debug|x64.Build.0 = Debug|x64
		{111AB9DA-960B-4457-9820-609733420001}.Release|x64.ActiveCfg = Release|x64
		{111AB9DA-960B-4457-9820-609733420001}.Release|x64.Build.0 = Release|x64
		{111AB9DA-960B-4457-9820-609733420002}.Debug|x64.ActiveCfg = Debug|x64
		{111AB9DA-960B-4457-9820-609733420002}.Debug|x64.Build.0 = Debug|x64
		{111AB9DA-960B-4457-9820-609733420002}.Release|x64.ActiveCfg = Release|x64
		{111AB9DA-960B-4457-9820-609733420002}.Release|x64.Build.0 = Release|x64
		{111AB9DA-960B-4457-9820-609733420005}.Debug|x64.ActiveCfg = Debug|x64
		{111AB9DA-960B-4457-9820-609733420005}.Release|x64.ActiveCfg = Release|x64
		{111AB9DA-960B-4457-9820-609733420006}.Debug|x64.ActiveCfg = Debug|x64
		{111AB9DA-960B-4457-9820-609733420006}.Debug|x64.Build.0 = Debug|x64
		{111AB9DA-960B-4457-9820-609733420006}.Release|x64.ActiveCfg = Release|x64
		{111AB9DA-960B-4457-9820-609733420006}.Release|x64.Build.0 = Release|x64
		{111AB9DA-960B-4457-9820-609733420007}.Debug|x64.ActiveCfg = Debug|x64
		{111AB9DA-960B-4457-9820-609733420007}.Release|x64.ActiveCfg = Release|x64
	EndGlobalSection
EndGlobal
